PODS:
  - Alamofire (5.9.1)
  - RecordingModule/Implementations (1.0.0):
    - UtilityModule
  - RecordingModule/Protocols (1.0.0):
    - UtilityModule
  - UploadModule (1.0.0)
  - UtilityModule (1.0.0)

DEPENDENCIES:
  - Alamofire
  - RecordingModule/Implementations (from `./Modules/RecordingModule`)
  - RecordingModule/Protocols (from `./Modules/RecordingModule`)
  - UploadModule (from `./Modules/UploadModule`)
  - UtilityModule (from `./Modules/UtilityModule`)

SPEC REPOS:
  trunk:
    - Alamofire

EXTERNAL SOURCES:
  RecordingModule:
    :path: "./Modules/RecordingModule"
  UploadModule:
    :path: "./Modules/UploadModule"
  UtilityModule:
    :path: "./Modules/UtilityModule"

SPEC CHECKSUMS:
  Alamofire: f36a35757af4587d8e4f4bfa223ad10be2422b8c
  RecordingModule: b6dec97aec35619e19ece626adb947d1790d237e
  UploadModule: 4065223f2a815c42225f78cc2fc266ec0369b423
  UtilityModule: 7fcd860cf18be04f9b363517bf2bb3c5517d54e0

PODFILE CHECKSUM: 935532fadc54d30fae63eab964c139255157862c

COCOAPODS: 1.15.2
